# This file is automatically @generated by Poetry 1.8.4 and should not be changed by hand.

[[package]]
name = "provisioner-shared"
version = "0.1.11"
description = "Shared package used by the provisioner runtime and plugins"
optional = false
python-versions = "^3.11"
files = []
develop = true

[package.source]
type = "directory"
url = "../provisioner_shared"

[metadata]
lock-version = "2.0"
python-versions = "^3.11"
content-hash = "b89f7c8facf12d5ce59ee33da1f19084d83c8f4dfe897bf51ed5595a453e190d"
